
Microsoft Visual Studio Solution File, Format Version 12.00
# Visual Studio 15
VisualStudioVersion = 15.0.28307.757
MinimumVisualStudioVersion = 10.0.40219.1
Project("{FAE04EC0-301F-11D3-BF4B-00C04F79EFBC}") = "Federacion.Android", "Federacion\Federacion.Android\Federacion.Android.csproj", "{8227AE1F-8BA6-444A-B7A9-7AC1997C2FD0}"
EndProject
Project("{FAE04EC0-301F-11D3-BF4B-00C04F79EFBC}") = "Federacion.iOS", "Federacion\Federacion.iOS\Federacion.iOS.csproj", "{01D91E19-0248-491D-A0C8-4D7FE0DC5094}"
EndProject
Project("{FAE04EC0-301F-11D3-BF4B-00C04F79EFBC}") = "Federacion.UWP", "Federacion\Federacion.UWP\Federacion.UWP.csproj", "{48B5C118-A7DC-47A9-838A-C857EDC0DE86}"
EndProject
Project("{9A19103F-16F7-4668-BE54-9A1E7A4F7556}") = "Federacion", "Federacion\Federacion\Federacion.csproj", "{48DB9D22-EC76-4C69-8D9F-A01E897B99B9}"
EndProject
Global
	GlobalSection(SolutionConfigurationPlatforms) = preSolution
		Ad-Hoc|Any CPU = Ad-Hoc|Any CPU
		Ad-Hoc|ARM = Ad-Hoc|ARM
		Ad-Hoc|iPhone = Ad-Hoc|iPhone
		Ad-Hoc|iPhoneSimulator = Ad-Hoc|iPhoneSimulator
		Ad-Hoc|x64 = Ad-Hoc|x64
		Ad-Hoc|x86 = Ad-Hoc|x86
		AppStore|Any CPU = AppStore|Any CPU
		AppStore|ARM = AppStore|ARM
		AppStore|iPhone = AppStore|iPhone
		AppStore|iPhoneSimulator = AppStore|iPhoneSimulator
		AppStore|x64 = AppStore|x64
		AppStore|x86 = AppStore|x86
		Debug|Any CPU = Debug|Any CPU
		Debug|ARM = Debug|ARM
		Debug|iPhone = Debug|iPhone
		Debug|iPhoneSimulator = Debug|iPhoneSimulator
		Debug|x64 = Debug|x64
		Debug|x86 = Debug|x86
		Release|Any CPU = Release|Any CPU
		Release|ARM = Release|ARM
		Release|iPhone = Release|iPhone
		Release|iPhoneSimulator = Release|iPhoneSimulator
		Release|x64 = Release|x64
		Release|x86 = Release|x86
	EndGlobalSection
	GlobalSection(ProjectConfigurationPlatforms) = postSolution
		{8227AE1F-8BA6-444A-B7A9-7AC1997C2FD0}.Ad-Hoc|Any CPU.ActiveCfg = Release|Any CPU
		{8227AE1F-8BA6-444A-B7A9-7AC1997C2FD0}.Ad-Hoc|Any CPU.Build.0 = Release|Any CPU
		{8227AE1F-8BA6-444A-B7A9-7AC1997C2FD0}.Ad-Hoc|Any CPU.Deploy.0 = Release|Any CPU
		{8227AE1F-8BA6-444A-B7A9-7AC1997C2FD0}.Ad-Hoc|ARM.ActiveCfg = Release|Any CPU
		{8227AE1F-8BA6-444A-B7A9-7AC1997C2FD0}.Ad-Hoc|ARM.Build.0 = Release|Any CPU
		{8227AE1F-8BA6-444A-B7A9-7AC1997C2FD0}.Ad-Hoc|ARM.Deploy.0 = Release|Any CPU
		{8227AE1F-8BA6-444A-B7A9-7AC1997C2FD0}.Ad-Hoc|iPhone.ActiveCfg = Release|Any CPU
		{8227AE1F-8BA6-444A-B7A9-7AC1997C2FD0}.Ad-Hoc|iPhone.Build.0 = Release|Any CPU
		{8227AE1F-8BA6-444A-B7A9-7AC1997C2FD0}.Ad-Hoc|iPhone.Deploy.0 = Release|Any CPU
		{8227AE1F-8BA6-444A-B7A9-7AC1997C2FD0}.Ad-Hoc|iPhoneSimulator.ActiveCfg = Release|Any CPU
		{8227AE1F-8BA6-444A-B7A9-7AC1997C2FD0}.Ad-Hoc|iPhoneSimulator.Build.0 = Release|Any CPU
		{8227AE1F-8BA6-444A-B7A9-7AC1997C2FD0}.Ad-Hoc|iPhoneSimulator.Deploy.0 = Release|Any CPU
		{8227AE1F-8BA6-444A-B7A9-7AC1997C2FD0}.Ad-Hoc|x64.ActiveCfg = Release|Any CPU
		{8227AE1F-8BA6-444A-B7A9-7AC1997C2FD0}.Ad-Hoc|x64.Build.0 = Release|Any CPU
		{8227AE1F-8BA6-444A-B7A9-7AC1997C2FD0}.Ad-Hoc|x64.Deploy.0 = Release|Any CPU
		{8227AE1F-8BA6-444A-B7A9-7AC1997C2FD0}.Ad-Hoc|x86.ActiveCfg = Release|Any CPU
		{8227AE1F-8BA6-444A-B7A9-7AC1997C2FD0}.Ad-Hoc|x86.Build.0 = Release|Any CPU
		{8227AE1F-8BA6-444A-B7A9-7AC1997C2FD0}.Ad-Hoc|x86.Deploy.0 = Release|Any CPU
		{8227AE1F-8BA6-444A-B7A9-7AC1997C2FD0}.AppStore|Any CPU.ActiveCfg = Release|Any CPU
		{8227AE1F-8BA6-444A-B7A9-7AC1997C2FD0}.AppStore|Any CPU.Build.0 = Release|Any CPU
		{8227AE1F-8BA6-444A-B7A9-7AC1997C2FD0}.AppStore|Any CPU.Deploy.0 = Release|Any CPU
		{8227AE1F-8BA6-444A-B7A9-7AC1997C2FD0}.AppStore|ARM.ActiveCfg = Release|Any CPU
		{8227AE1F-8BA6-444A-B7A9-7AC1997C2FD0}.AppStore|ARM.Build.0 = Release|Any CPU
		{8227AE1F-8BA6-444A-B7A9-7AC1997C2FD0}.AppStore|ARM.Deploy.0 = Release|Any CPU
		{8227AE1F-8BA6-444A-B7A9-7AC1997C2FD0}.AppStore|iPhone.ActiveCfg = Release|Any CPU
		{8227AE1F-8BA6-444A-B7A9-7AC1997C2FD0}.AppStore|iPhone.Build.0 = Release|Any CPU
		{8227AE1F-8BA6-444A-B7A9-7AC1997C2FD0}.AppStore|iPhone.Deploy.0 = Release|Any CPU
		{8227AE1F-8BA6-444A-B7A9-7AC1997C2FD0}.AppStore|iPhoneSimulator.ActiveCfg = Release|Any CPU
		{8227AE1F-8BA6-444A-B7A9-7AC1997C2FD0}.AppStore|iPhoneSimulator.Build.0 = Release|Any CPU
		{8227AE1F-8BA6-444A-B7A9-7AC1997C2FD0}.AppStore|iPhoneSimulator.Deploy.0 = Release|Any CPU
		{8227AE1F-8BA6-444A-B7A9-7AC1997C2FD0}.AppStore|x64.ActiveCfg = Release|Any CPU
		{8227AE1F-8BA6-444A-B7A9-7AC1997C2FD0}.AppStore|x64.Build.0 = Release|Any CPU
		{8227AE1F-8BA6-444A-B7A9-7AC1997C2FD0}.AppStore|x64.Deploy.0 = Release|Any CPU
		{8227AE1F-8BA6-444A-B7A9-7AC1997C2FD0}.AppStore|x86.ActiveCfg = Release|Any CPU
		{8227AE1F-8BA6-444A-B7A9-7AC1997C2FD0}.AppStore|x86.Build.0 = Release|Any CPU
		{8227AE1F-8BA6-444A-B7A9-7AC1997C2FD0}.AppStore|x86.Deploy.0 = Release|Any CPU
		{8227AE1F-8BA6-444A-B7A9-7AC1997C2FD0}.Debug|Any CPU.ActiveCfg = Debug|Any CPU
		{8227AE1F-8BA6-444A-B7A9-7AC1997C2FD0}.Debug|Any CPU.Build.0 = Debug|Any CPU
		{8227AE1F-8BA6-444A-B7A9-7AC1997C2FD0}.Debug|Any CPU.Deploy.0 = Debug|Any CPU
		{8227AE1F-8BA6-444A-B7A9-7AC1997C2FD0}.Debug|ARM.ActiveCfg = Debug|Any CPU
		{8227AE1F-8BA6-444A-B7A9-7AC1997C2FD0}.Debug|ARM.Build.0 = Debug|Any CPU
		{8227AE1F-8BA6-444A-B7A9-7AC1997C2FD0}.Debug|ARM.Deploy.0 = Debug|Any CPU
		{8227AE1F-8BA6-444A-B7A9-7AC1997C2FD0}.Debug|iPhone.ActiveCfg = Debug|Any CPU
		{8227AE1F-8BA6-444A-B7A9-7AC1997C2FD0}.Debug|iPhone.Build.0 = Debug|Any CPU
		{8227AE1F-8BA6-444A-B7A9-7AC1997C2FD0}.Debug|iPhone.Deploy.0 = Debug|Any CPU
		{8227AE1F-8BA6-444A-B7A9-7AC1997C2FD0}.Debug|iPhoneSimulator.ActiveCfg = Debug|Any CPU
		{8227AE1F-8BA6-444A-B7A9-7AC1997C2FD0}.Debug|iPhoneSimulator.Build.0 = Debug|Any CPU
		{8227AE1F-8BA6-444A-B7A9-7AC1997C2FD0}.Debug|iPhoneSimulator.Deploy.0 = Debug|Any CPU
		{8227AE1F-8BA6-444A-B7A9-7AC1997C2FD0}.Debug|x64.ActiveCfg = Debug|Any CPU
		{8227AE1F-8BA6-444A-B7A9-7AC1997C2FD0}.Debug|x64.Build.0 = Debug|Any CPU
		{8227AE1F-8BA6-444A-B7A9-7AC1997C2FD0}.Debug|x64.Deploy.0 = Debug|Any CPU
		{8227AE1F-8BA6-444A-B7A9-7AC1997C2FD0}.Debug|x86.ActiveCfg = Debug|Any CPU
		{8227AE1F-8BA6-444A-B7A9-7AC1997C2FD0}.Debug|x86.Build.0 = Debug|Any CPU
		{8227AE1F-8BA6-444A-B7A9-7AC1997C2FD0}.Debug|x86.Deploy.0 = Debug|Any CPU
		{8227AE1F-8BA6-444A-B7A9-7AC1997C2FD0}.Release|Any CPU.ActiveCfg = Release|Any CPU
		{8227AE1F-8BA6-444A-B7A9-7AC1997C2FD0}.Release|Any CPU.Build.0 = Release|Any CPU
		{8227AE1F-8BA6-444A-B7A9-7AC1997C2FD0}.Release|Any CPU.Deploy.0 = Release|Any CPU
		{8227AE1F-8BA6-444A-B7A9-7AC1997C2FD0}.Release|ARM.ActiveCfg = Release|Any CPU
		{8227AE1F-8BA6-444A-B7A9-7AC1997C2FD0}.Release|ARM.Build.0 = Release|Any CPU
		{8227AE1F-8BA6-444A-B7A9-7AC1997C2FD0}.Release|ARM.Deploy.0 = Release|Any CPU
		{8227AE1F-8BA6-444A-B7A9-7AC1997C2FD0}.Release|iPhone.ActiveCfg = Release|Any CPU
		{8227AE1F-8BA6-444A-B7A9-7AC1997C2FD0}.Release|iPhone.Build.0 = Release|Any CPU
		{8227AE1F-8BA6-444A-B7A9-7AC1997C2FD0}.Release|iPhone.Deploy.0 = Release|Any CPU
		{8227AE1F-8BA6-444A-B7A9-7AC1997C2FD0}.Release|iPhoneSimulator.ActiveCfg = Release|Any CPU
		{8227AE1F-8BA6-444A-B7A9-7AC1997C2FD0}.Release|iPhoneSimulator.Build.0 = Release|Any CPU
		{8227AE1F-8BA6-444A-B7A9-7AC1997C2FD0}.Release|iPhoneSimulator.Deploy.0 = Release|Any CPU
		{8227AE1F-8BA6-444A-B7A9-7AC1997C2FD0}.Release|x64.ActiveCfg = Release|Any CPU
		{8227AE1F-8BA6-444A-B7A9-7AC1997C2FD0}.Release|x64.Build.0 = Release|Any CPU
		{8227AE1F-8BA6-444A-B7A9-7AC1997C2FD0}.Release|x64.Deploy.0 = Release|Any CPU
		{8227AE1F-8BA6-444A-B7A9-7AC1997C2FD0}.Release|x86.ActiveCfg = Release|Any CPU
		{8227AE1F-8BA6-444A-B7A9-7AC1997C2FD0}.Release|x86.Build.0 = Release|Any CPU
		{8227AE1F-8BA6-444A-B7A9-7AC1997C2FD0}.Release|x86.Deploy.0 = Release|Any CPU
		{01D91E19-0248-491D-A0C8-4D7FE0DC5094}.Ad-Hoc|Any CPU.ActiveCfg = Ad-Hoc|iPhone
		{01D91E19-0248-491D-A0C8-4D7FE0DC5094}.Ad-Hoc|Any CPU.Build.0 = Ad-Hoc|iPhone
		{01D91E19-0248-491D-A0C8-4D7FE0DC5094}.Ad-Hoc|Any CPU.Deploy.0 = Ad-Hoc|iPhone
		{01D91E19-0248-491D-A0C8-4D7FE0DC5094}.Ad-Hoc|ARM.ActiveCfg = Ad-Hoc|iPhone
		{01D91E19-0248-491D-A0C8-4D7FE0DC5094}.Ad-Hoc|ARM.Build.0 = Ad-Hoc|iPhone
		{01D91E19-0248-491D-A0C8-4D7FE0DC5094}.Ad-Hoc|ARM.Deploy.0 = Ad-Hoc|iPhone
		{01D91E19-0248-491D-A0C8-4D7FE0DC5094}.Ad-Hoc|iPhone.ActiveCfg = Ad-Hoc|iPhone
		{01D91E19-0248-491D-A0C8-4D7FE0DC5094}.Ad-Hoc|iPhone.Build.0 = Ad-Hoc|iPhone
		{01D91E19-0248-491D-A0C8-4D7FE0DC5094}.Ad-Hoc|iPhone.Deploy.0 = Ad-Hoc|iPhone
		{01D91E19-0248-491D-A0C8-4D7FE0DC5094}.Ad-Hoc|iPhoneSimulator.ActiveCfg = Ad-Hoc|iPhoneSimulator
		{01D91E19-0248-491D-A0C8-4D7FE0DC5094}.Ad-Hoc|iPhoneSimulator.Build.0 = Ad-Hoc|iPhoneSimulator
		{01D91E19-0248-491D-A0C8-4D7FE0DC5094}.Ad-Hoc|iPhoneSimulator.Deploy.0 = Ad-Hoc|iPhoneSimulator
		{01D91E19-0248-491D-A0C8-4D7FE0DC5094}.Ad-Hoc|x64.ActiveCfg = Ad-Hoc|iPhone
		{01D91E19-0248-491D-A0C8-4D7FE0DC5094}.Ad-Hoc|x64.Build.0 = Ad-Hoc|iPhone
		{01D91E19-0248-491D-A0C8-4D7FE0DC5094}.Ad-Hoc|x64.Deploy.0 = Ad-Hoc|iPhone
		{01D91E19-0248-491D-A0C8-4D7FE0DC5094}.Ad-Hoc|x86.ActiveCfg = Ad-Hoc|iPhone
		{01D91E19-0248-491D-A0C8-4D7FE0DC5094}.Ad-Hoc|x86.Build.0 = Ad-Hoc|iPhone
		{01D91E19-0248-491D-A0C8-4D7FE0DC5094}.Ad-Hoc|x86.Deploy.0 = Ad-Hoc|iPhone
		{01D91E19-0248-491D-A0C8-4D7FE0DC5094}.AppStore|Any CPU.ActiveCfg = AppStore|iPhone
		{01D91E19-0248-491D-A0C8-4D7FE0DC5094}.AppStore|Any CPU.Build.0 = AppStore|iPhone
		{01D91E19-0248-491D-A0C8-4D7FE0DC5094}.AppStore|Any CPU.Deploy.0 = AppStore|iPhone
		{01D91E19-0248-491D-A0C8-4D7FE0DC5094}.AppStore|ARM.ActiveCfg = AppStore|iPhone
		{01D91E19-0248-491D-A0C8-4D7FE0DC5094}.AppStore|ARM.Build.0 = AppStore|iPhone
		{01D91E19-0248-491D-A0C8-4D7FE0DC5094}.AppStore|ARM.Deploy.0 = AppStore|iPhone
		{01D91E19-0248-491D-A0C8-4D7FE0DC5094}.AppStore|iPhone.ActiveCfg = AppStore|iPhone
		{01D91E19-0248-491D-A0C8-4D7FE0DC5094}.AppStore|iPhone.Build.0 = AppStore|iPhone
		{01D91E19-0248-491D-A0C8-4D7FE0DC5094}.AppStore|iPhone.Deploy.0 = AppStore|iPhone
		{01D91E19-0248-491D-A0C8-4D7FE0DC5094}.AppStore|iPhoneSimulator.ActiveCfg = AppStore|iPhoneSimulator
		{01D91E19-0248-491D-A0C8-4D7FE0DC5094}.AppStore|iPhoneSimulator.Build.0 = AppStore|iPhoneSimulator
		{01D91E19-0248-491D-A0C8-4D7FE0DC5094}.AppStore|iPhoneSimulator.Deploy.0 = AppStore|iPhoneSimulator
		{01D91E19-0248-491D-A0C8-4D7FE0DC5094}.AppStore|x64.ActiveCfg = AppStore|iPhone
		{01D91E19-0248-491D-A0C8-4D7FE0DC5094}.AppStore|x64.Build.0 = AppStore|iPhone
		{01D91E19-0248-491D-A0C8-4D7FE0DC5094}.AppStore|x64.Deploy.0 = AppStore|iPhone
		{01D91E19-0248-491D-A0C8-4D7FE0DC5094}.AppStore|x86.ActiveCfg = AppStore|iPhone
		{01D91E19-0248-491D-A0C8-4D7FE0DC5094}.AppStore|x86.Build.0 = AppStore|iPhone
		{01D91E19-0248-491D-A0C8-4D7FE0DC5094}.AppStore|x86.Deploy.0 = AppStore|iPhone
		{01D91E19-0248-491D-A0C8-4D7FE0DC5094}.Debug|Any CPU.ActiveCfg = Debug|iPhoneSimulator
		{01D91E19-0248-491D-A0C8-4D7FE0DC5094}.Debug|Any CPU.Build.0 = Debug|iPhoneSimulator
		{01D91E19-0248-491D-A0C8-4D7FE0DC5094}.Debug|Any CPU.Deploy.0 = Debug|iPhoneSimulator
		{01D91E19-0248-491D-A0C8-4D7FE0DC5094}.Debug|ARM.ActiveCfg = Debug|iPhone
		{01D91E19-0248-491D-A0C8-4D7FE0DC5094}.Debug|ARM.Build.0 = Debug|iPhone
		{01D91E19-0248-491D-A0C8-4D7FE0DC5094}.Debug|ARM.Deploy.0 = Debug|iPhone
		{01D91E19-0248-491D-A0C8-4D7FE0DC5094}.Debug|iPhone.ActiveCfg = Debug|iPhone
		{01D91E19-0248-491D-A0C8-4D7FE0DC5094}.Debug|iPhone.Build.0 = Debug|iPhone
		{01D91E19-0248-491D-A0C8-4D7FE0DC5094}.Debug|iPhone.Deploy.0 = Debug|iPhone
		{01D91E19-0248-491D-A0C8-4D7FE0DC5094}.Debug|iPhoneSimulator.ActiveCfg = Debug|iPhoneSimulator
		{01D91E19-0248-491D-A0C8-4D7FE0DC5094}.Debug|iPhoneSimulator.Build.0 = Debug|iPhoneSimulator
		{01D91E19-0248-491D-A0C8-4D7FE0DC5094}.Debug|iPhoneSimulator.Deploy.0 = Debug|iPhoneSimulator
		{01D91E19-0248-491D-A0C8-4D7FE0DC5094}.Debug|x64.ActiveCfg = Debug|iPhone
		{01D91E19-0248-491D-A0C8-4D7FE0DC5094}.Debug|x64.Build.0 = Debug|iPhone
		{01D91E19-0248-491D-A0C8-4D7FE0DC5094}.Debug|x64.Deploy.0 = Debug|iPhone
		{01D91E19-0248-491D-A0C8-4D7FE0DC5094}.Debug|x86.ActiveCfg = Debug|iPhone
		{01D91E19-0248-491D-A0C8-4D7FE0DC5094}.Debug|x86.Build.0 = Debug|iPhone
		{01D91E19-0248-491D-A0C8-4D7FE0DC5094}.Debug|x86.Deploy.0 = Debug|iPhone
		{01D91E19-0248-491D-A0C8-4D7FE0DC5094}.Release|Any CPU.ActiveCfg = Release|iPhone
		{01D91E19-0248-491D-A0C8-4D7FE0DC5094}.Release|Any CPU.Build.0 = Release|iPhone
		{01D91E19-0248-491D-A0C8-4D7FE0DC5094}.Release|Any CPU.Deploy.0 = Release|iPhone
		{01D91E19-0248-491D-A0C8-4D7FE0DC5094}.Release|ARM.ActiveCfg = Release|iPhone
		{01D91E19-0248-491D-A0C8-4D7FE0DC5094}.Release|ARM.Build.0 = Release|iPhone
		{01D91E19-0248-491D-A0C8-4D7FE0DC5094}.Release|ARM.Deploy.0 = Release|iPhone
		{01D91E19-0248-491D-A0C8-4D7FE0DC5094}.Release|iPhone.ActiveCfg = Release|iPhone
		{01D91E19-0248-491D-A0C8-4D7FE0DC5094}.Release|iPhone.Build.0 = Release|iPhone
		{01D91E19-0248-491D-A0C8-4D7FE0DC5094}.Release|iPhone.Deploy.0 = Release|iPhone
		{01D91E19-0248-491D-A0C8-4D7FE0DC5094}.Release|iPhoneSimulator.ActiveCfg = Release|iPhoneSimulator
		{01D91E19-0248-491D-A0C8-4D7FE0DC5094}.Release|iPhoneSimulator.Build.0 = Release|iPhoneSimulator
		{01D91E19-0248-491D-A0C8-4D7FE0DC5094}.Release|iPhoneSimulator.Deploy.0 = Release|iPhoneSimulator
		{01D91E19-0248-491D-A0C8-4D7FE0DC5094}.Release|x64.ActiveCfg = Release|iPhone
		{01D91E19-0248-491D-A0C8-4D7FE0DC5094}.Release|x64.Build.0 = Release|iPhone
		{01D91E19-0248-491D-A0C8-4D7FE0DC5094}.Release|x64.Deploy.0 = Release|iPhone
		{01D91E19-0248-491D-A0C8-4D7FE0DC5094}.Release|x86.ActiveCfg = Release|iPhone
		{01D91E19-0248-491D-A0C8-4D7FE0DC5094}.Release|x86.Build.0 = Release|iPhone
		{01D91E19-0248-491D-A0C8-4D7FE0DC5094}.Release|x86.Deploy.0 = Release|iPhone
		{48B5C118-A7DC-47A9-838A-C857EDC0DE86}.Ad-Hoc|Any CPU.ActiveCfg = Release|x86
		{48B5C118-A7DC-47A9-838A-C857EDC0DE86}.Ad-Hoc|Any CPU.Build.0 = Release|x86
		{48B5C118-A7DC-47A9-838A-C857EDC0DE86}.Ad-Hoc|Any CPU.Deploy.0 = Release|x86
		{48B5C118-A7DC-47A9-838A-C857EDC0DE86}.Ad-Hoc|ARM.ActiveCfg = Release|ARM
		{48B5C118-A7DC-47A9-838A-C857EDC0DE86}.Ad-Hoc|ARM.Build.0 = Release|ARM
		{48B5C118-A7DC-47A9-838A-C857EDC0DE86}.Ad-Hoc|ARM.Deploy.0 = Release|ARM
		{48B5C118-A7DC-47A9-838A-C857EDC0DE86}.Ad-Hoc|iPhone.ActiveCfg = Release|x86
		{48B5C118-A7DC-47A9-838A-C857EDC0DE86}.Ad-Hoc|iPhone.Build.0 = Release|x86
		{48B5C118-A7DC-47A9-838A-C857EDC0DE86}.Ad-Hoc|iPhone.Deploy.0 = Release|x86
		{48B5C118-A7DC-47A9-838A-C857EDC0DE86}.Ad-Hoc|iPhoneSimulator.ActiveCfg = Release|x86
		{48B5C118-A7DC-47A9-838A-C857EDC0DE86}.Ad-Hoc|iPhoneSimulator.Build.0 = Release|x86
		{48B5C118-A7DC-47A9-838A-C857EDC0DE86}.Ad-Hoc|iPhoneSimulator.Deploy.0 = Release|x86
		{48B5C118-A7DC-47A9-838A-C857EDC0DE86}.Ad-Hoc|x64.ActiveCfg = Release|x64
		{48B5C118-A7DC-47A9-838A-C857EDC0DE86}.Ad-Hoc|x64.Build.0 = Release|x64
		{48B5C118-A7DC-47A9-838A-C857EDC0DE86}.Ad-Hoc|x64.Deploy.0 = Release|x64
		{48B5C118-A7DC-47A9-838A-C857EDC0DE86}.Ad-Hoc|x86.ActiveCfg = Release|x86
		{48B5C118-A7DC-47A9-838A-C857EDC0DE86}.Ad-Hoc|x86.Build.0 = Release|x86
		{48B5C118-A7DC-47A9-838A-C857EDC0DE86}.Ad-Hoc|x86.Deploy.0 = Release|x86
		{48B5C118-A7DC-47A9-838A-C857EDC0DE86}.AppStore|Any CPU.ActiveCfg = Release|x86
		{48B5C118-A7DC-47A9-838A-C857EDC0DE86}.AppStore|Any CPU.Build.0 = Release|x86
		{48B5C118-A7DC-47A9-838A-C857EDC0DE86}.AppStore|Any CPU.Deploy.0 = Release|x86
		{48B5C118-A7DC-47A9-838A-C857EDC0DE86}.AppStore|ARM.ActiveCfg = Release|ARM
		{48B5C118-A7DC-47A9-838A-C857EDC0DE86}.AppStore|ARM.Build.0 = Release|ARM
		{48B5C118-A7DC-47A9-838A-C857EDC0DE86}.AppStore|ARM.Deploy.0 = Release|ARM
		{48B5C118-A7DC-47A9-838A-C857EDC0DE86}.AppStore|iPhone.ActiveCfg = Release|x86
		{48B5C118-A7DC-47A9-838A-C857EDC0DE86}.AppStore|iPhone.Build.0 = Release|x86
		{48B5C118-A7DC-47A9-838A-C857EDC0DE86}.AppStore|iPhone.Deploy.0 = Release|x86
		{48B5C118-A7DC-47A9-838A-C857EDC0DE86}.AppStore|iPhoneSimulator.ActiveCfg = Release|x86
		{48B5C118-A7DC-47A9-838A-C857EDC0DE86}.AppStore|iPhoneSimulator.Build.0 = Release|x86
		{48B5C118-A7DC-47A9-838A-C857EDC0DE86}.AppStore|iPhoneSimulator.Deploy.0 = Release|x86
		{48B5C118-A7DC-47A9-838A-C857EDC0DE86}.AppStore|x64.ActiveCfg = Release|x64
		{48B5C118-A7DC-47A9-838A-C857EDC0DE86}.AppStore|x64.Build.0 = Release|x64
		{48B5C118-A7DC-47A9-838A-C857EDC0DE86}.AppStore|x64.Deploy.0 = Release|x64
		{48B5C118-A7DC-47A9-838A-C857EDC0DE86}.AppStore|x86.ActiveCfg = Release|x86
		{48B5C118-A7DC-47A9-838A-C857EDC0DE86}.AppStore|x86.Build.0 = Release|x86
		{48B5C118-A7DC-47A9-838A-C857EDC0DE86}.AppStore|x86.Deploy.0 = Release|x86
		{48B5C118-A7DC-47A9-838A-C857EDC0DE86}.Debug|Any CPU.ActiveCfg = Debug|x86
		{48B5C118-A7DC-47A9-838A-C857EDC0DE86}.Debug|Any CPU.Build.0 = Debug|x86
		{48B5C118-A7DC-47A9-838A-C857EDC0DE86}.Debug|Any CPU.Deploy.0 = Debug|x86
		{48B5C118-A7DC-47A9-838A-C857EDC0DE86}.Debug|ARM.ActiveCfg = Debug|ARM
		{48B5C118-A7DC-47A9-838A-C857EDC0DE86}.Debug|ARM.Build.0 = Debug|ARM
		{48B5C118-A7DC-47A9-838A-C857EDC0DE86}.Debug|ARM.Deploy.0 = Debug|ARM
		{48B5C118-A7DC-47A9-838A-C857EDC0DE86}.Debug|iPhone.ActiveCfg = Debug|x86
		{48B5C118-A7DC-47A9-838A-C857EDC0DE86}.Debug|iPhone.Build.0 = Debug|x86
		{48B5C118-A7DC-47A9-838A-C857EDC0DE86}.Debug|iPhone.Deploy.0 = Debug|x86
		{48B5C118-A7DC-47A9-838A-C857EDC0DE86}.Debug|iPhoneSimulator.ActiveCfg = Debug|x86
		{48B5C118-A7DC-47A9-838A-C857EDC0DE86}.Debug|iPhoneSimulator.Build.0 = Debug|x86
		{48B5C118-A7DC-47A9-838A-C857EDC0DE86}.Debug|iPhoneSimulator.Deploy.0 = Debug|x86
		{48B5C118-A7DC-47A9-838A-C857EDC0DE86}.Debug|x64.ActiveCfg = Debug|x64
		{48B5C118-A7DC-47A9-838A-C857EDC0DE86}.Debug|x64.Build.0 = Debug|x64
		{48B5C118-A7DC-47A9-838A-C857EDC0DE86}.Debug|x64.Deploy.0 = Debug|x64
		{48B5C118-A7DC-47A9-838A-C857EDC0DE86}.Debug|x86.ActiveCfg = Debug|x86
		{48B5C118-A7DC-47A9-838A-C857EDC0DE86}.Debug|x86.Build.0 = Debug|x86
		{48B5C118-A7DC-47A9-838A-C857EDC0DE86}.Debug|x86.Deploy.0 = Debug|x86
		{48B5C118-A7DC-47A9-838A-C857EDC0DE86}.Release|Any CPU.ActiveCfg = Release|x86
		{48B5C118-A7DC-47A9-838A-C857EDC0DE86}.Release|Any CPU.Build.0 = Release|x86
		{48B5C118-A7DC-47A9-838A-C857EDC0DE86}.Release|Any CPU.Deploy.0 = Release|x86
		{48B5C118-A7DC-47A9-838A-C857EDC0DE86}.Release|ARM.ActiveCfg = Release|ARM
		{48B5C118-A7DC-47A9-838A-C857EDC0DE86}.Release|ARM.Build.0 = Release|ARM
		{48B5C118-A7DC-47A9-838A-C857EDC0DE86}.Release|ARM.Deploy.0 = Release|ARM
		{48B5C118-A7DC-47A9-838A-C857EDC0DE86}.Release|iPhone.ActiveCfg = Release|x86
		{48B5C118-A7DC-47A9-838A-C857EDC0DE86}.Release|iPhone.Build.0 = Release|x86
		{48B5C118-A7DC-47A9-838A-C857EDC0DE86}.Release|iPhone.Deploy.0 = Release|x86
		{48B5C118-A7DC-47A9-838A-C857EDC0DE86}.Release|iPhoneSimulator.ActiveCfg = Release|x86
		{48B5C118-A7DC-47A9-838A-C857EDC0DE86}.Release|iPhoneSimulator.Build.0 = Release|x86
		{48B5C118-A7DC-47A9-838A-C857EDC0DE86}.Release|iPhoneSimulator.Deploy.0 = Release|x86
		{48B5C118-A7DC-47A9-838A-C857EDC0DE86}.Release|x64.ActiveCfg = Release|x64
		{48B5C118-A7DC-47A9-838A-C857EDC0DE86}.Release|x64.Build.0 = Release|x64
		{48B5C118-A7DC-47A9-838A-C857EDC0DE86}.Release|x64.Deploy.0 = Release|x64
		{48B5C118-A7DC-47A9-838A-C857EDC0DE86}.Release|x86.ActiveCfg = Release|x86
		{48B5C118-A7DC-47A9-838A-C857EDC0DE86}.Release|x86.Build.0 = Release|x86
		{48B5C118-A7DC-47A9-838A-C857EDC0DE86}.Release|x86.Deploy.0 = Release|x86
		{48DB9D22-EC76-4C69-8D9F-A01E897B99B9}.Ad-Hoc|Any CPU.ActiveCfg = Debug|Any CPU
		{48DB9D22-EC76-4C69-8D9F-A01E897B99B9}.Ad-Hoc|Any CPU.Build.0 = Debug|Any CPU
		{48DB9D22-EC76-4C69-8D9F-A01E897B99B9}.Ad-Hoc|Any CPU.Deploy.0 = Debug|Any CPU
		{48DB9D22-EC76-4C69-8D9F-A01E897B99B9}.Ad-Hoc|ARM.ActiveCfg = Debug|Any CPU
		{48DB9D22-EC76-4C69-8D9F-A01E897B99B9}.Ad-Hoc|ARM.Build.0 = Debug|Any CPU
		{48DB9D22-EC76-4C69-8D9F-A01E897B99B9}.Ad-Hoc|ARM.Deploy.0 = Debug|Any CPU
		{48DB9D22-EC76-4C69-8D9F-A01E897B99B9}.Ad-Hoc|iPhone.ActiveCfg = Debug|Any CPU
		{48DB9D22-EC76-4C69-8D9F-A01E897B99B9}.Ad-Hoc|iPhone.Build.0 = Debug|Any CPU
		{48DB9D22-EC76-4C69-8D9F-A01E897B99B9}.Ad-Hoc|iPhone.Deploy.0 = Debug|Any CPU
		{48DB9D22-EC76-4C69-8D9F-A01E897B99B9}.Ad-Hoc|iPhoneSimulator.ActiveCfg = Debug|Any CPU
		{48DB9D22-EC76-4C69-8D9F-A01E897B99B9}.Ad-Hoc|iPhoneSimulator.Build.0 = Debug|Any CPU
		{48DB9D22-EC76-4C69-8D9F-A01E897B99B9}.Ad-Hoc|iPhoneSimulator.Deploy.0 = Debug|Any CPU
		{48DB9D22-EC76-4C69-8D9F-A01E897B99B9}.Ad-Hoc|x64.ActiveCfg = Debug|Any CPU
		{48DB9D22-EC76-4C69-8D9F-A01E897B99B9}.Ad-Hoc|x64.Build.0 = Debug|Any CPU
		{48DB9D22-EC76-4C69-8D9F-A01E897B99B9}.Ad-Hoc|x64.Deploy.0 = Debug|Any CPU
		{48DB9D22-EC76-4C69-8D9F-A01E897B99B9}.Ad-Hoc|x86.ActiveCfg = Debug|Any CPU
		{48DB9D22-EC76-4C69-8D9F-A01E897B99B9}.Ad-Hoc|x86.Build.0 = Debug|Any CPU
		{48DB9D22-EC76-4C69-8D9F-A01E897B99B9}.Ad-Hoc|x86.Deploy.0 = Debug|Any CPU
		{48DB9D22-EC76-4C69-8D9F-A01E897B99B9}.AppStore|Any CPU.ActiveCfg = Debug|Any CPU
		{48DB9D22-EC76-4C69-8D9F-A01E897B99B9}.AppStore|Any CPU.Build.0 = Debug|Any CPU
		{48DB9D22-EC76-4C69-8D9F-A01E897B99B9}.AppStore|Any CPU.Deploy.0 = Debug|Any CPU
		{48DB9D22-EC76-4C69-8D9F-A01E897B99B9}.AppStore|ARM.ActiveCfg = Debug|Any CPU
		{48DB9D22-EC76-4C69-8D9F-A01E897B99B9}.AppStore|ARM.Build.0 = Debug|Any CPU
		{48DB9D22-EC76-4C69-8D9F-A01E897B99B9}.AppStore|ARM.Deploy.0 = Debug|Any CPU
		{48DB9D22-EC76-4C69-8D9F-A01E897B99B9}.AppStore|iPhone.ActiveCfg = Debug|Any CPU
		{48DB9D22-EC76-4C69-8D9F-A01E897B99B9}.AppStore|iPhone.Build.0 = Debug|Any CPU
		{48DB9D22-EC76-4C69-8D9F-A01E897B99B9}.AppStore|iPhone.Deploy.0 = Debug|Any CPU
		{48DB9D22-EC76-4C69-8D9F-A01E897B99B9}.AppStore|iPhoneSimulator.ActiveCfg = Debug|Any CPU
		{48DB9D22-EC76-4C69-8D9F-A01E897B99B9}.AppStore|iPhoneSimulator.Build.0 = Debug|Any CPU
		{48DB9D22-EC76-4C69-8D9F-A01E897B99B9}.AppStore|iPhoneSimulator.Deploy.0 = Debug|Any CPU
		{48DB9D22-EC76-4C69-8D9F-A01E897B99B9}.AppStore|x64.ActiveCfg = Debug|Any CPU
		{48DB9D22-EC76-4C69-8D9F-A01E897B99B9}.AppStore|x64.Build.0 = Debug|Any CPU
		{48DB9D22-EC76-4C69-8D9F-A01E897B99B9}.AppStore|x64.Deploy.0 = Debug|Any CPU
		{48DB9D22-EC76-4C69-8D9F-A01E897B99B9}.AppStore|x86.ActiveCfg = Debug|Any CPU
		{48DB9D22-EC76-4C69-8D9F-A01E897B99B9}.AppStore|x86.Build.0 = Debug|Any CPU
		{48DB9D22-EC76-4C69-8D9F-A01E897B99B9}.AppStore|x86.Deploy.0 = Debug|Any CPU
		{48DB9D22-EC76-4C69-8D9F-A01E897B99B9}.Debug|Any CPU.ActiveCfg = Debug|Any CPU
		{48DB9D22-EC76-4C69-8D9F-A01E897B99B9}.Debug|Any CPU.Build.0 = Debug|Any CPU
		{48DB9D22-EC76-4C69-8D9F-A01E897B99B9}.Debug|Any CPU.Deploy.0 = Debug|Any CPU
		{48DB9D22-EC76-4C69-8D9F-A01E897B99B9}.Debug|ARM.ActiveCfg = Debug|Any CPU
		{48DB9D22-EC76-4C69-8D9F-A01E897B99B9}.Debug|ARM.Build.0 = Debug|Any CPU
		{48DB9D22-EC76-4C69-8D9F-A01E897B99B9}.Debug|ARM.Deploy.0 = Debug|Any CPU
		{48DB9D22-EC76-4C69-8D9F-A01E897B99B9}.Debug|iPhone.ActiveCfg = Debug|Any CPU
		{48DB9D22-EC76-4C69-8D9F-A01E897B99B9}.Debug|iPhone.Build.0 = Debug|Any CPU
		{48DB9D22-EC76-4C69-8D9F-A01E897B99B9}.Debug|iPhone.Deploy.0 = Debug|Any CPU
		{48DB9D22-EC76-4C69-8D9F-A01E897B99B9}.Debug|iPhoneSimulator.ActiveCfg = Debug|Any CPU
		{48DB9D22-EC76-4C69-8D9F-A01E897B99B9}.Debug|iPhoneSimulator.Build.0 = Debug|Any CPU
		{48DB9D22-EC76-4C69-8D9F-A01E897B99B9}.Debug|iPhoneSimulator.Deploy.0 = Debug|Any CPU
		{48DB9D22-EC76-4C69-8D9F-A01E897B99B9}.Debug|x64.ActiveCfg = Debug|Any CPU
		{48DB9D22-EC76-4C69-8D9F-A01E897B99B9}.Debug|x64.Build.0 = Debug|Any CPU
		{48DB9D22-EC76-4C69-8D9F-A01E897B99B9}.Debug|x64.Deploy.0 = Debug|Any CPU
		{48DB9D22-EC76-4C69-8D9F-A01E897B99B9}.Debug|x86.ActiveCfg = Debug|Any CPU
		{48DB9D22-EC76-4C69-8D9F-A01E897B99B9}.Debug|x86.Build.0 = Debug|Any CPU
		{48DB9D22-EC76-4C69-8D9F-A01E897B99B9}.Debug|x86.Deploy.0 = Debug|Any CPU
		{48DB9D22-EC76-4C69-8D9F-A01E897B99B9}.Release|Any CPU.ActiveCfg = Release|Any CPU
		{48DB9D22-EC76-4C69-8D9F-A01E897B99B9}.Release|Any CPU.Build.0 = Release|Any CPU
		{48DB9D22-EC76-4C69-8D9F-A01E897B99B9}.Release|Any CPU.Deploy.0 = Release|Any CPU
		{48DB9D22-EC76-4C69-8D9F-A01E897B99B9}.Release|ARM.ActiveCfg = Release|Any CPU
		{48DB9D22-EC76-4C69-8D9F-A01E897B99B9}.Release|ARM.Build.0 = Release|Any CPU
		{48DB9D22-EC76-4C69-8D9F-A01E897B99B9}.Release|ARM.Deploy.0 = Release|Any CPU
		{48DB9D22-EC76-4C69-8D9F-A01E897B99B9}.Release|iPhone.ActiveCfg = Release|Any CPU
		{48DB9D22-EC76-4C69-8D9F-A01E897B99B9}.Release|iPhone.Build.0 = Release|Any CPU
		{48DB9D22-EC76-4C69-8D9F-A01E897B99B9}.Release|iPhone.Deploy.0 = Release|Any CPU
		{48DB9D22-EC76-4C69-8D9F-A01E897B99B9}.Release|iPhoneSimulator.ActiveCfg = Release|Any CPU
		{48DB9D22-EC76-4C69-8D9F-A01E897B99B9}.Release|iPhoneSimulator.Build.0 = Release|Any CPU
		{48DB9D22-EC76-4C69-8D9F-A01E897B99B9}.Release|iPhoneSimulator.Deploy.0 = Release|Any CPU
		{48DB9D22-EC76-4C69-8D9F-A01E897B99B9}.Release|x64.ActiveCfg = Release|Any CPU
		{48DB9D22-EC76-4C69-8D9F-A01E897B99B9}.Release|x64.Build.0 = Release|Any CPU
		{48DB9D22-EC76-4C69-8D9F-A01E897B99B9}.Release|x64.Deploy.0 = Release|Any CPU
		{48DB9D22-EC76-4C69-8D9F-A01E897B99B9}.Release|x86.ActiveCfg = Release|Any CPU
		{48DB9D22-EC76-4C69-8D9F-A01E897B99B9}.Release|x86.Build.0 = Release|Any CPU
		{48DB9D22-EC76-4C69-8D9F-A01E897B99B9}.Release|x86.Deploy.0 = Release|Any CPU
	EndGlobalSection
	GlobalSection(SolutionProperties) = preSolution
		HideSolutionNode = FALSE
	EndGlobalSection
	GlobalSection(ExtensibilityGlobals) = postSolution
		SolutionGuid = {E7E8023F-7A15-42E6-A407-CB48B498C977}
	EndGlobalSection
EndGlobal
